
Microsoft Visual Studio Solution File, Format Version 12.00
# Visual Studio Version 16
VisualStudioVersion = 16.0.30621.155
MinimumVisualStudioVersion = 10.0.40219.1
Project("{FAE04EC0-301F-11D3-BF4B-00C04F79EFBC}") = "Natoune.NaPix", "Natoune.NaPix\Natoune.NaPix.csproj", "{A5CA8FB6-4DE3-4169-A1B3-9CE9D1D805F6}"
EndProject
Global
	GlobalSection(SolutionConfigurationPlatforms) = preSolution
		Debug|Any CPU = Debug|Any CPU
		Release|Any CPU = Release|Any CPU
	EndGlobalSection
	GlobalSection(ProjectConfigurationPlatforms) = postSolution
		{A5CA8FB6-4DE3-4169-A1B3-9CE9D1D805F6}.Debug|Any CPU.ActiveCfg = Debug|Any CPU
		{A5CA8FB6-4DE3-4169-A1B3-9CE9D1D805F6}.Debug|Any CPU.Build.0 = Debug|Any CPU
		{A5CA8FB6-4DE3-4169-A1B3-9CE9D1D805F6}.Release|Any CPU.ActiveCfg = Release|Any CPU
		{A5CA8FB6-4DE3-4169-A1B3-9CE9D1D805F6}.Release|Any CPU.Build.0 = Release|Any CPU
	EndGlobalSection
	GlobalSection(SolutionProperties) = preSolution
		HideSolutionNode = FALSE
	EndGlobalSection
	GlobalSection(ExtensibilityGlobals) = postSolution
		SolutionGuid = {203449C7-EB81-457E-9B2E-B8255B7089FB}
	EndGlobalSection
EndGlobal
